
Microsoft Visual Studio Solution File, Format Version 12.00
# Visual Studio Version 17
VisualStudioVersion = 17.11.35312.102
MinimumVisualStudioVersion = 10.0.40219.1
Project("{FAE04EC0-301F-11D3-BF4B-00C04F79EFBC}") = "MonitorPartidoFutbol", "MonitorPartidoFutbol\MonitorPartidoFutbol.csproj", "{03C8B426-BE6F-4985-B733-B36B2F07AF8D}"
EndProject
Global
	GlobalSection(SolutionConfigurationPlatforms) = preSolution
		Debug|Any CPU = Debug|Any CPU
		Release|Any CPU = Release|Any CPU
	EndGlobalSection
	GlobalSection(ProjectConfigurationPlatforms) = postSolution
		{03C8B426-BE6F-4985-B733-B36B2F07AF8D}.Debug|Any CPU.ActiveCfg = Debug|Any CPU
		{03C8B426-BE6F-4985-B733-B36B2F07AF8D}.Debug|Any CPU.Build.0 = Debug|Any CPU
		{03C8B426-BE6F-4985-B733-B36B2F07AF8D}.Release|Any CPU.ActiveCfg = Release|Any CPU
		{03C8B426-BE6F-4985-B733-B36B2F07AF8D}.Release|Any CPU.Build.0 = Release|Any CPU
	EndGlobalSection
	GlobalSection(SolutionProperties) = preSolution
		HideSolutionNode = FALSE
	EndGlobalSection
	GlobalSection(ExtensibilityGlobals) = postSolution
		SolutionGuid = {C157B368-5C50-472E-9578-CE0799786D2E}
	EndGlobalSection
EndGlobal
